<Solution>
  <Folder Name="/src/">
    <Project Path="src/Shortener.Admin/Shortener.Admin.csproj" />
    <Project Path="src/Shortener.Api/Shortener.Api.csproj" />
    <Project Path="src/Shortener.Application/Shortener.Application.csproj" />
    <Project Path="src/Shortener.Domain/Shortener.Domain.csproj" />
    <Project Path="src/Shortener.Infrastructure/Shortener.Infrastructure.csproj" />
    <Project Path="src/Shortener.PublicWeb/Shortener.PublicWeb.csproj" />
    <Project Path="src/Shortener.Worker/Shortener.Worker.csproj" />
  </Folder>
  <Folder Name="/tests/">
    <Project Path="tests/Shortener.IntegrationTests/Shortener.IntegrationTests.csproj" />
    <Project Path="tests/Shortener.UnitTests/Shortener.UnitTests.csproj" />
  </Folder>
</Solution>
